// !$*UTF8*$!
{
	archiveVersion = 1;
	classes = {
	};
	objectVersion = 50;
	objects = {

/* Begin PBXBuildFile section */
		745807F3219B18E100E46703 /* AppDelegate.swift in Sources */ = {isa = PBXBuildFile; fileRef = 745807F2219B18E100E46703 /* AppDelegate.swift */; };
		745807F5219B18E100E46703 /* ViewController.swift in Sources */ = {isa = PBXBuildFile; fileRef = 745807F4219B18E100E46703 /* ViewController.swift */; };
		745807F8219B18E100E46703 /* Main.storyboard in Resources */ = {isa = PBXBuildFile; fileRef = 745807F6219B18E100E46703 /* Main.storyboard */; };
		745807FA219B18E300E46703 /* Assets.xcassets in Resources */ = {isa = PBXBuildFile; fileRef = 745807F9219B18E300E46703 /* Assets.xcassets */; };
		745807FD219B18E300E46703 /* LaunchScreen.storyboard in Resources */ = {isa = PBXBuildFile; fileRef = 745807FB219B18E300E46703 /* LaunchScreen.storyboard */; };
		74580806219B198900E46703 /* FirstViewController.swift in Sources */ = {isa = PBXBuildFile; fileRef = 74580804219B198900E46703 /* FirstViewController.swift */; };
		74580807219B198900E46703 /* FirstViewController.xib in Resources */ = {isa = PBXBuildFile; fileRef = 74580805219B198900E46703 /* FirstViewController.xib */; };
		74580809219B1A0100E46703 /* FirstViewModel.swift in Sources */ = {isa = PBXBuildFile; fileRef = 74580808219B1A0100E46703 /* FirstViewModel.swift */; };
/* End PBXBuildFile section */

/* Begin PBXFileReference section */
		745807EF219B18E100E46703 /* XIBvsStoryboardDemo.app */ = {isa = PBXFileReference; explicitFileType = wrapper.application; includeInIndex = 0; path = XIBvsStoryboardDemo.app; sourceTree = BUILT_PRODUCTS_DIR; };
		745807F2219B18E100E46703 /* AppDelegate.swift */ = {isa = PBXFileReference; lastKnownFileType = sourcecode.swift; path = AppDelegate.swift; sourceTree = "<group>"; };
		745807F4219B18E100E46703 /* ViewController.swift */ = {isa = PBXFileReference; lastKnownFileType = sourcecode.swift; path = ViewController.swift; sourceTree = "<group>"; };
		745807F7219B18E100E46703 /* Base */ = {isa = PBXFileReference; lastKnownFileType = file.storyboard; name = Base; path = Base.lproj/Main.storyboard; sourceTree = "<group>"; };
		745807F9219B18E300E46703 /* Assets.xcassets */ = {isa = PBXFileReference; lastKnownFileType = folder.assetcatalog; path = Assets.xcassets; sourceTree = "<group>"; };
		745807FC219B18E300E46703 /* Base */ = {isa = PBXFileReference; lastKnownFileType = file.storyboard; name = Base; path = Base.lproj/LaunchScreen.storyboard; sourceTree = "<group>"; };
		745807FE219B18E300E46703 /* Info.plist */ = {isa = PBXFileReference; lastKnownFileType = text.plist.xml; path = Info.plist; sourceTree = "<group>"; };
		74580804219B198900E46703 /* FirstViewController.swift */ = {isa = PBXFileReference; lastKnownFileType = sourcecode.swift; path = FirstViewController.swift; sourceTree = "<group>"; };
		74580805219B198900E46703 /* FirstViewController.xib */ = {isa = PBXFileReference; lastKnownFileType = file.xib; path = FirstViewController.xib; sourceTree = "<group>"; };
		74580808219B1A0100E46703 /* FirstViewModel.swift */ = {isa = PBXFileReference; lastKnownFileType = sourcecode.swift; path = FirstViewModel.swift; sourceTree = "<group>"; };
/* End PBXFileReference section */

/* Begin PBXFrameworksBuildPhase section */
		745807EC219B18E100E46703 /* Frameworks */ = {
			isa = PBXFrameworksBuildPhase;
			buildActionMask = 2147483647;
			files = (
			);
			runOnlyForDeploymentPostprocessing = 0;
		};
/* End PBXFrameworksBuildPhase section */

/* Begin PBXGroup section */
		745807E6219B18E100E46703 = {
			isa = PBXGroup;
			children = (
				745807F1219B18E100E46703 /* XIBvsStoryboardDemo */,
				745807F0219B18E100E46703 /* Products */,
			);
			sourceTree = "<group>";
		};
		745807F0219B18E100E46703 /* Products */ = {
			isa = PBXGroup;
			children = (
				745807EF219B18E100E46703 /* XIBvsStoryboardDemo.app */,
			);
			name = Products;
			sourceTree = "<group>";
		};
		745807F1219B18E100E46703 /* XIBvsStoryboardDemo */ = {
			isa = PBXGroup;
			children = (
				745807F2219B18E100E46703 /* AppDelegate.swift */,
				745807F4219B18E100E46703 /* ViewController.swift */,
				745807F6219B18E100E46703 /* Main.storyboard */,
				745807F9219B18E300E46703 /* Assets.xcassets */,
				745807FB219B18E300E46703 /* LaunchScreen.storyboard */,
				745807FE219B18E300E46703 /* Info.plist */,
				74580804219B198900E46703 /* FirstViewController.swift */,
				74580805219B198900E46703 /* FirstViewController.xib */,
				74580808219B1A0100E46703 /* FirstViewModel.swift */,
			);
			path = XIBvsStoryboardDemo;
			sourceTree = "<group>";
		};
/* End PBXGroup section */

/* Begin PBXNativeTarget section */
		745807EE219B18E100E46703 /* XIBvsStoryboardDemo */ = {
			isa = PBXNativeTarget;
			buildConfigurationList = 74580801219B18E300E46703 /* Build configuration list for PBXNativeTarget "XIBvsStoryboardDemo" */;
			buildPhases = (
				745807EB219B18E100E46703 /* Sources */,
				745807EC219B18E100E46703 /* Frameworks */,
				745807ED219B18E100E46703 /* Resources */,
			);
			buildRules = (
			);
			dependencies = (
			);
			name = XIBvsStoryboardDemo;
			productName = XIBvsStoryboardDemo;
			productReference = 745807EF219B18E100E46703 /* XIBvsStoryboardDemo.app */;
			productType = "com.apple.product-type.application";
		};
/* End PBXNativeTarget section */

/* Begin PBXProject section */
		745807E7219B18E100E46703 /* Project object */ = {
			isa = PBXProject;
			attributes = {
				LastSwiftUpdateCheck = 1010;
				LastUpgradeCheck = 1010;
				ORGANIZATIONNAME = "Kevin Chromik";
				TargetAttributes = {
					745807EE219B18E100E46703 = {
						CreatedOnToolsVersion = 10.1;
					};
				};
			};
			buildConfigurationList = 745807EA219B18E100E46703 /* Build configuration list for PBXProject "XIBvsStoryboardDemo" */;
			compatibilityVersion = "Xcode 9.3";
			developmentRegion = en;
			hasScannedForEncodings = 0;
			knownRegions = (
				en,
				Base,
			);
			mainGroup = 745807E6219B18E100E46703;
			productRefGroup = 745807F0219B18E100E46703 /* Products */;
			projectDirPath = "";
			projectRoot = "";
			targets = (
				745807EE219B18E100E46703 /* XIBvsStoryboardDemo */,
			);
		};
/* End PBXProject section */

/* Begin PBXResourcesBuildPhase section */
		745807ED219B18E100E46703 /* Resources */ = {
			isa = PBXResourcesBuildPhase;
			buildActionMask = 2147483647;
			files = (
				745807FD219B18E300E46703 /* LaunchScreen.storyboard in Resources */,
				745807FA219B18E300E46703 /* Assets.xcassets in Resources */,
				745807F8219B18E100E46703 /* Main.storyboard in Resources */,
				74580807219B198900E46703 /* FirstViewController.xib in Resources */,
			);
			runOnlyForDeploymentPostprocessing = 0;
		};
/* End PBXResourcesBuildPhase section */

/* Begin PBXSourcesBuildPhase section */
		745807EB219B18E100E46703 /* Sources */ = {
			isa = PBXSourcesBuildPhase;
			buildActionMask = 2147483647;
			files = (
				74580806219B198900E46703 /* FirstViewController.swift in Sources */,
				745807F5219B18E100E46703 /* ViewController.swift in Sources */,
				745807F3219B18E100E46703 /* AppDelegate.swift in Sources */,
				74580809219B1A0100E46703 /* FirstViewModel.swift in Sources */,
			);
			runOnlyForDeploymentPostprocessing = 0;
		};
/* End PBXSourcesBuildPhase section */

/* Begin PBXVariantGroup section */
		745807F6219B18E100E46703 /* Main.storyboard */ = {
			isa = PBXVariantGroup;
			children = (
				745807F7219B18E100E46703 /* Base */,
			);
			name = Main.storyboard;
			sourceTree = "<group>";
		};
		745807FB219B18E300E46703 /* LaunchScreen.storyboard */ = {
			isa = PBXVariantGroup;
			children = (
				745807FC219B18E300E46703 /* Base */,
			);
			name = LaunchScreen.storyboard;
			sourceTree = "<group>";
		};
/* End PBXVariantGroup section */

/* Begin XCBuildConfiguration section */
		745807FF219B18E300E46703 /* Debug */ = {
			isa = XCBuildConfiguration;
			buildSettings = {
				ALWAYS_SEARCH_USER_PATHS = NO;
				CLANG_ANALYZER_NONNULL = YES;
				CLANG_ANALYZER_NUMBER_OBJECT_CONVERSION = YES_AGGRESSIVE;
				CLANG_CXX_LANGUAGE_STANDARD = "gnu++14";
				CLANG_CXX_LIBRARY = "libc++";
				CLANG_ENABLE_MODULES = YES;
				CLANG_ENABLE_OBJC_ARC = YES;
				CLANG_ENABLE_OBJC_WEAK = YES;
				CLANG_WARN_BLOCK_CAPTURE_AUTORELEASING = YES;
				CLANG_WARN_BOOL_CONVERSION = YES;
				CLANG_WARN_COMMA = YES;
				CLANG_WARN_CONSTANT_CONVERSION = YES;
				CLANG_WARN_DEPRECATED_OBJC_IMPLEMENTATIONS = YES;
				CLANG_WARN_DIRECT_OBJC_ISA_USAGE = YES_ERROR;
				CLANG_WARN_DOCUMENTATION_COMMENTS = YES;
				CLANG_WARN_EMPTY_BODY = YES;
				CLANG_WARN_ENUM_CONVERSION = YES;
				CLANG_WARN_INFINITE_RECURSION = YES;
				CLANG_WARN_INT_CONVERSION = YES;
				CLANG_WARN_NON_LITERAL_NULL_CONVERSION = YES;
				CLANG_WARN_OBJC_IMPLICIT_RETAIN_SELF = YES;
				CLANG_WARN_OBJC_LITERAL_CONVERSION = YES;
				CLANG_WARN_OBJC_ROOT_CLASS = YES_ERROR;
				CLANG_WARN_RANGE_LOOP_ANALYSIS = YES;
				CLANG_WARN_STRICT_PROTOTYPES = YES;
				CLANG_WARN_SUSPICIOUS_MOVE = YES;
				CLANG_WARN_UNGUARDED_AVAILABILITY = YES_AGGRESSIVE;
				CLANG_WARN_UNREACHABLE_CODE = YES;
				CLANG_WARN__DUPLICATE_METHOD_MATCH = YES;
				CODE_SIGN_IDENTITY = "iPhone Developer";
				COPY_PHASE_STRIP = NO;
				DEBUG_INFORMATION_FORMAT = dwarf;
				ENABLE_STRICT_OBJC_MSGSEND = YES;
				ENABLE_TESTABILITY = YES;
				GCC_C_LANGUAGE_STANDARD = gnu11;
				GCC_DYNAMIC_NO_PIC = NO;
				GCC_NO_COMMON_BLOCKS = YES;
				GCC_OPTIMIZATION_LEVEL = 0;
				GCC_PREPROCESSOR_DEFINITIONS = (
					"DEBUG=1",
					"$(inherited)",
				);
				GCC_WARN_64_TO_32_BIT_CONVERSION = YES;
				GCC_WARN_ABOUT_RETURN_TYPE = YES_ERROR;
				GCC_WARN_UNDECLARED_SELECTOR = YES;
				GCC_WARN_UNINITIALIZED_AUTOS = YES_AGGRESSIVE;
				GCC_WARN_UNUSED_FUNCTION = YES;
				GCC_WARN_UNUSED_VARIABLE = YES;
				IPHONEOS_DEPLOYMENT_TARGET = 12.1;
				MTL_ENABLE_DEBUG_INFO = INCLUDE_SOURCE;
				MTL_FAST_MATH = YES;
				ONLY_ACTIVE_ARCH = YES;
				SDKROOT = iphoneos;
				SWIFT_ACTIVE_COMPILATION_CONDITIONS = DEBUG;
				SWIFT_OPTIMIZATION_LEVEL = "-Onone";
			};
			name = Debug;
		};
		74580800219B18E300E46703 /* Release */ = {
			isa = XCBuildConfiguration;
			buildSettings = {
				ALWAYS_SEARCH_USER_PATHS = NO;
				CLANG_ANALYZER_NONNULL = YES;
				CLANG_ANALYZER_NUMBER_OBJECT_CONVERSION = YES_AGGRESSIVE;
				CLANG_CXX_LANGUAGE_STANDARD = "gnu++14";
				CLANG_CXX_LIBRARY = "libc++";
				CLANG_ENABLE_MODULES = YES;
				CLANG_ENABLE_OBJC_ARC = YES;
				CLANG_ENABLE_OBJC_WEAK = YES;
				CLANG_WARN_BLOCK_CAPTURE_AUTORELEASING = YES;
				CLANG_WARN_BOOL_CONVERSION = YES;
				CLANG_WARN_COMMA = YES;
				CLANG_WARN_CONSTANT_CONVERSION = YES;
				CLANG_WARN_DEPRECATED_OBJC_IMPLEMENTATIONS = YES;
				CLANG_WARN_DIRECT_OBJC_ISA_USAGE = YES_ERROR;
				CLANG_WARN_DOCUMENTATION_COMMENTS = YES;
				CLANG_WARN_EMPTY_BODY = YES;
				CLANG_WARN_ENUM_CONVERSION = YES;
				CLANG_WARN_INFINITE_RECURSION = YES;
				CLANG_WARN_INT_CONVERSION = YES;
				CLANG_WARN_NON_LITERAL_NULL_CONVERSION = YES;
				CLANG_WARN_OBJC_IMPLICIT_RETAIN_SELF = YES;
				CLANG_WARN_OBJC_LITERAL_CONVERSION = YES;
				CLANG_WARN_OBJC_ROOT_CLASS = YES_ERROR;
				CLANG_WARN_RANGE_LOOP_ANALYSIS = YES;
				CLANG_WARN_STRICT_PROTOTYPES = YES;
				CLANG_WARN_SUSPICIOUS_MOVE = YES;
				CLANG_WARN_UNGUARDED_AVAILABILITY = YES_AGGRESSIVE;
				CLANG_WARN_UNREACHABLE_CODE = YES;
				CLANG_WARN__DUPLICATE_METHOD_MATCH = YES;
				CODE_SIGN_IDENTITY = "iPhone Developer";
				COPY_PHASE_STRIP = NO;
				DEBUG_INFORMATION_FORMAT = "dwarf-with-dsym";
				ENABLE_NS_ASSERTIONS = NO;
				ENABLE_STRICT_OBJC_MSGSEND = YES;
				GCC_C_LANGUAGE_STANDARD = gnu11;
				GCC_NO_COMMON_BLOCKS = YES;
				GCC_WARN_64_TO_32_BIT_CONVERSION = YES;
				GCC_WARN_ABOUT_RETURN_TYPE = YES_ERROR;
				GCC_WARN_UNDECLARED_SELECTOR = YES;
				GCC_WARN_UNINITIALIZED_AUTOS = YES_AGGRESSIVE;
				GCC_WARN_UNUSED_FUNCTION = YES;
				GCC_WARN_UNUSED_VARIABLE = YES;
				IPHONEOS_DEPLOYMENT_TARGET = 12.1;
				MTL_ENABLE_DEBUG_INFO = NO;
				MTL_FAST_MATH = YES;
				SDKROOT = iphoneos;
				SWIFT_COMPILATION_MODE = wholemodule;
				SWIFT_OPTIMIZATION_LEVEL = "-O";
				VALIDATE_PRODUCT = YES;
			};
			name = Release;
		};
		74580802219B18E300E46703 /* Debug */ = {
			isa = XCBuildConfiguration;
			buildSettings = {
				ASSETCATALOG_COMPILER_APPICON_NAME = AppIcon;
				CODE_SIGN_STYLE = Automatic;
				INFOPLIST_FILE = XIBvsStoryboardDemo/Info.plist;
				LD_RUNPATH_SEARCH_PATHS = (
					"$(inherited)",
					"@executable_path/Frameworks",
				);
				PRODUCT_BUNDLE_IDENTIFIER = com.kchromik.XIBvsStoryboardDemo;
				PRODUCT_NAME = "$(TARGET_NAME)";
				SWIFT_VERSION = 4.2;
				TARGETED_DEVICE_FAMILY = "1,2";
			};
			name = Debug;
		};
		74580803219B18E300E46703 /* Release */ = {
			isa = XCBuildConfiguration;
			buildSettings = {
				ASSETCATALOG_COMPILER_APPICON_NAME = AppIcon;
				CODE_SIGN_STYLE = Automatic;
				INFOPLIST_FILE = XIBvsStoryboardDemo/Info.plist;
				LD_RUNPATH_SEARCH_PATHS = (
					"$(inherited)",
					"@executable_path/Frameworks",
				);
				PRODUCT_BUNDLE_IDENTIFIER = com.kchromik.XIBvsStoryboardDemo;
				PRODUCT_NAME = "$(TARGET_NAME)";
				SWIFT_VERSION = 4.2;
				TARGETED_DEVICE_FAMILY = "1,2";
			};
			name = Release;
		};
/* End XCBuildConfiguration section */

/* Begin XCConfigurationList section */
		745807EA219B18E100E46703 /* Build configuration list for PBXProject "XIBvsStoryboardDemo" */ = {
			isa = XCConfigurationList;
			buildConfigurations = (
				745807FF219B18E300E46703 /* Debug */,
				74580800219B18E300E46703 /* Release */,
			);
			defaultConfigurationIsVisible = 0;
			defaultConfigurationName = Release;
		};
		74580801219B18E300E46703 /* Build configuration list for PBXNativeTarget "XIBvsStoryboardDemo" */ = {
			isa = XCConfigurationList;
			buildConfigurations = (
				74580802219B18E300E46703 /* Debug */,
				74580803219B18E300E46703 /* Release */,
			);
			defaultConfigurationIsVisible = 0;
			defaultConfigurationName = Release;
		};
/* End XCConfigurationList section */
	};
	rootObject = 745807E7219B18E100E46703 /* Project object */;
}
